# THIS IS AN AUTOGENERATED FILE. DO NOT EDIT THIS FILE DIRECTLY.
# yarn lockfile v1


"base-64@^0.1.0":
  "integrity" "sha1-eAqZyE59YAJgNhURxId2E78k9rs="
  "resolved" "https://registry.npmjs.org/base-64/-/base-64-0.1.0.tgz"
  "version" "0.1.0"

"promise-polyfill@^6.0.2":
  "integrity" "sha1-36lpQ+qcEh/KTem1hoyznTRy4Fc="
  "resolved" "https://registry.npmjs.org/promise-polyfill/-/promise-polyfill-6.1.0.tgz"
  "version" "6.1.0"

"regenerator-runtime@^0.10.3":
  "integrity" "sha1-M2w+/BIgrc7dosn6tntaeVWjNlg="
  "resolved" "https://registry.npmjs.org/regenerator-runtime/-/regenerator-runtime-0.10.5.tgz"
  "version" "0.10.5"

"towxml@^2.0.1":
  "integrity" "sha512-8xsoI/FIy7/3TO2OEJZfasBwD7Xul3VWErAXV6Vw1Z+Zv3tMlX0y3OX92tlOukHDV+EsuJ1n/Ks11D60WMhMuQ=="
  "resolved" "https://registry.npmjs.org/towxml/-/towxml-2.0.1.tgz"
  "version" "2.0.1"

"we-cropper@^1.2.0":
  "integrity" "sha1-N1OS4T6sTRLqyara0rO6+JETmNs="
  "resolved" "https://registry.npmjs.org/we-cropper/-/we-cropper-1.2.0.tgz"
  "version" "1.2.0"
  dependencies:
    "base-64" "^0.1.0"

"wepy-async-function@^1.4.6":
  "integrity" "sha512-UuRb7GfnkZw5aunnUVhT6ULrA3NpPaH93wo2zj3brL0WcxszLfXwtXrIBRRFe6oY1afXtzSzhAqtNWRHylke2g=="
  "resolved" "https://registry.npmjs.org/wepy-async-function/-/wepy-async-function-1.4.6.tgz"
  "version" "1.4.6"
  dependencies:
    "promise-polyfill" "^6.0.2"
    "regenerator-runtime" "^0.10.3"

"wepy-com-toast@^1.0.2":
  "integrity" "sha1-b0nNZxkr2t7axfjDb5kL3cLxB/k="
  "resolved" "https://registry.npmjs.org/wepy-com-toast/-/wepy-com-toast-1.0.2.tgz"
  "version" "1.0.2"

"wepy-cropper@0.0.5":
  "integrity" "sha512-h4xsjbFe/uT7aoB7QG23fGHYPS9M6NVFFM7fqB8n/0Rx31Y4yMNYY3SxmwNQoBTozsInkH4RVq9euWl7/jNZLA=="
  "resolved" "https://registry.npmjs.org/wepy-cropper/-/wepy-cropper-0.0.5.tgz"
  "version" "0.0.5"

"wepy@^1.7.2":
  "integrity" "sha512-22Q338OY2wV1kuINAtQQmO6V9r00wNTgLPOOOASZe8tdq0lGxv9FnFWxA7SqJihQJEeWXERFd/gN7GKQQ1CU1w=="
  "resolved" "https://registry.npmjs.org/wepy/-/wepy-1.7.2.tgz"
  "version" "1.7.2"
